
Microsoft Visual Studio Solution File, Format Version 12.00
# Visual Studio 15
VisualStudioVersion = 15.0.26124.0
MinimumVisualStudioVersion = 15.0.26124.0
Project("{FAE04EC0-301F-11D3-BF4B-00C04F79EFBC}") = "data-scraper", "data-scraper\data-scraper.csproj", "{121747C2-CDA0-472E-BE69-93BA8B7C6776}"
EndProject
Project("{FAE04EC0-301F-11D3-BF4B-00C04F79EFBC}") = "unit-tests", "unit-tests\unit-tests.csproj", "{275CD9E2-5D7C-4A5C-BF43-2FD34213BB90}"
EndProject
Project("{FAE04EC0-301F-11D3-BF4B-00C04F79EFBC}") = "data-scraper.publisher", "data-scraper.publisher\data-scraper.publisher.csproj", "{432472BF-5291-4F00-AA1B-F5E3A501A7FE}"
EndProject
Project("{FAE04EC0-301F-11D3-BF4B-00C04F79EFBC}") = "data-scraper.public-api", "data-scraper.public-api\data-scraper.public-api.csproj", "{B34A0B63-609C-4B0C-B06E-9333C2317916}"
EndProject
Project("{FAE04EC0-301F-11D3-BF4B-00C04F79EFBC}") = "data-scraper.admin-api", "data-scraper.admin-api\data-scraper.admin-api.csproj", "{9DBA3340-7C23-4480-98C5-233F9F9F644E}"
EndProject
Project("{FAE04EC0-301F-11D3-BF4B-00C04F79EFBC}") = "data-scraper.common", "data-scraper.common\data-scraper.common.csproj", "{210013EE-2AD8-4D00-A8FA-85165C4149D2}"
EndProject
Global
	GlobalSection(SolutionConfigurationPlatforms) = preSolution
		Debug|Any CPU = Debug|Any CPU
		Debug|x64 = Debug|x64
		Debug|x86 = Debug|x86
		Release|Any CPU = Release|Any CPU
		Release|x64 = Release|x64
		Release|x86 = Release|x86
	EndGlobalSection
	GlobalSection(SolutionProperties) = preSolution
		HideSolutionNode = FALSE
	EndGlobalSection
	GlobalSection(ProjectConfigurationPlatforms) = postSolution
		{121747C2-CDA0-472E-BE69-93BA8B7C6776}.Debug|Any CPU.ActiveCfg = Debug|Any CPU
		{121747C2-CDA0-472E-BE69-93BA8B7C6776}.Debug|Any CPU.Build.0 = Debug|Any CPU
		{121747C2-CDA0-472E-BE69-93BA8B7C6776}.Debug|x64.ActiveCfg = Debug|Any CPU
		{121747C2-CDA0-472E-BE69-93BA8B7C6776}.Debug|x64.Build.0 = Debug|Any CPU
		{121747C2-CDA0-472E-BE69-93BA8B7C6776}.Debug|x86.ActiveCfg = Debug|Any CPU
		{121747C2-CDA0-472E-BE69-93BA8B7C6776}.Debug|x86.Build.0 = Debug|Any CPU
		{121747C2-CDA0-472E-BE69-93BA8B7C6776}.Release|Any CPU.ActiveCfg = Release|Any CPU
		{121747C2-CDA0-472E-BE69-93BA8B7C6776}.Release|Any CPU.Build.0 = Release|Any CPU
		{121747C2-CDA0-472E-BE69-93BA8B7C6776}.Release|x64.ActiveCfg = Release|Any CPU
		{121747C2-CDA0-472E-BE69-93BA8B7C6776}.Release|x64.Build.0 = Release|Any CPU
		{121747C2-CDA0-472E-BE69-93BA8B7C6776}.Release|x86.ActiveCfg = Release|Any CPU
		{121747C2-CDA0-472E-BE69-93BA8B7C6776}.Release|x86.Build.0 = Release|Any CPU
		{275CD9E2-5D7C-4A5C-BF43-2FD34213BB90}.Debug|Any CPU.ActiveCfg = Debug|Any CPU
		{275CD9E2-5D7C-4A5C-BF43-2FD34213BB90}.Debug|Any CPU.Build.0 = Debug|Any CPU
		{275CD9E2-5D7C-4A5C-BF43-2FD34213BB90}.Debug|x64.ActiveCfg = Debug|Any CPU
		{275CD9E2-5D7C-4A5C-BF43-2FD34213BB90}.Debug|x64.Build.0 = Debug|Any CPU
		{275CD9E2-5D7C-4A5C-BF43-2FD34213BB90}.Debug|x86.ActiveCfg = Debug|Any CPU
		{275CD9E2-5D7C-4A5C-BF43-2FD34213BB90}.Debug|x86.Build.0 = Debug|Any CPU
		{275CD9E2-5D7C-4A5C-BF43-2FD34213BB90}.Release|Any CPU.ActiveCfg = Release|Any CPU
		{275CD9E2-5D7C-4A5C-BF43-2FD34213BB90}.Release|Any CPU.Build.0 = Release|Any CPU
		{275CD9E2-5D7C-4A5C-BF43-2FD34213BB90}.Release|x64.ActiveCfg = Release|Any CPU
		{275CD9E2-5D7C-4A5C-BF43-2FD34213BB90}.Release|x64.Build.0 = Release|Any CPU
		{275CD9E2-5D7C-4A5C-BF43-2FD34213BB90}.Release|x86.ActiveCfg = Release|Any CPU
		{275CD9E2-5D7C-4A5C-BF43-2FD34213BB90}.Release|x86.Build.0 = Release|Any CPU
		{432472BF-5291-4F00-AA1B-F5E3A501A7FE}.Debug|Any CPU.ActiveCfg = Debug|Any CPU
		{432472BF-5291-4F00-AA1B-F5E3A501A7FE}.Debug|Any CPU.Build.0 = Debug|Any CPU
		{432472BF-5291-4F00-AA1B-F5E3A501A7FE}.Debug|x64.ActiveCfg = Debug|Any CPU
		{432472BF-5291-4F00-AA1B-F5E3A501A7FE}.Debug|x64.Build.0 = Debug|Any CPU
		{432472BF-5291-4F00-AA1B-F5E3A501A7FE}.Debug|x86.ActiveCfg = Debug|Any CPU
		{432472BF-5291-4F00-AA1B-F5E3A501A7FE}.Debug|x86.Build.0 = Debug|Any CPU
		{432472BF-5291-4F00-AA1B-F5E3A501A7FE}.Release|Any CPU.ActiveCfg = Release|Any CPU
		{432472BF-5291-4F00-AA1B-F5E3A501A7FE}.Release|Any CPU.Build.0 = Release|Any CPU
		{432472BF-5291-4F00-AA1B-F5E3A501A7FE}.Release|x64.ActiveCfg = Release|Any CPU
		{432472BF-5291-4F00-AA1B-F5E3A501A7FE}.Release|x64.Build.0 = Release|Any CPU
		{432472BF-5291-4F00-AA1B-F5E3A501A7FE}.Release|x86.ActiveCfg = Release|Any CPU
		{432472BF-5291-4F00-AA1B-F5E3A501A7FE}.Release|x86.Build.0 = Release|Any CPU
		{B34A0B63-609C-4B0C-B06E-9333C2317916}.Debug|Any CPU.ActiveCfg = Debug|Any CPU
		{B34A0B63-609C-4B0C-B06E-9333C2317916}.Debug|Any CPU.Build.0 = Debug|Any CPU
		{B34A0B63-609C-4B0C-B06E-9333C2317916}.Debug|x64.ActiveCfg = Debug|Any CPU
		{B34A0B63-609C-4B0C-B06E-9333C2317916}.Debug|x64.Build.0 = Debug|Any CPU
		{B34A0B63-609C-4B0C-B06E-9333C2317916}.Debug|x86.ActiveCfg = Debug|Any CPU
		{B34A0B63-609C-4B0C-B06E-9333C2317916}.Debug|x86.Build.0 = Debug|Any CPU
		{B34A0B63-609C-4B0C-B06E-9333C2317916}.Release|Any CPU.ActiveCfg = Release|Any CPU
		{B34A0B63-609C-4B0C-B06E-9333C2317916}.Release|Any CPU.Build.0 = Release|Any CPU
		{B34A0B63-609C-4B0C-B06E-9333C2317916}.Release|x64.ActiveCfg = Release|Any CPU
		{B34A0B63-609C-4B0C-B06E-9333C2317916}.Release|x64.Build.0 = Release|Any CPU
		{B34A0B63-609C-4B0C-B06E-9333C2317916}.Release|x86.ActiveCfg = Release|Any CPU
		{B34A0B63-609C-4B0C-B06E-9333C2317916}.Release|x86.Build.0 = Release|Any CPU
		{9DBA3340-7C23-4480-98C5-233F9F9F644E}.Debug|Any CPU.ActiveCfg = Debug|Any CPU
		{9DBA3340-7C23-4480-98C5-233F9F9F644E}.Debug|Any CPU.Build.0 = Debug|Any CPU
		{9DBA3340-7C23-4480-98C5-233F9F9F644E}.Debug|x64.ActiveCfg = Debug|Any CPU
		{9DBA3340-7C23-4480-98C5-233F9F9F644E}.Debug|x64.Build.0 = Debug|Any CPU
		{9DBA3340-7C23-4480-98C5-233F9F9F644E}.Debug|x86.ActiveCfg = Debug|Any CPU
		{9DBA3340-7C23-4480-98C5-233F9F9F644E}.Debug|x86.Build.0 = Debug|Any CPU
		{9DBA3340-7C23-4480-98C5-233F9F9F644E}.Release|Any CPU.ActiveCfg = Release|Any CPU
		{9DBA3340-7C23-4480-98C5-233F9F9F644E}.Release|Any CPU.Build.0 = Release|Any CPU
		{9DBA3340-7C23-4480-98C5-233F9F9F644E}.Release|x64.ActiveCfg = Release|Any CPU
		{9DBA3340-7C23-4480-98C5-233F9F9F644E}.Release|x64.Build.0 = Release|Any CPU
		{9DBA3340-7C23-4480-98C5-233F9F9F644E}.Release|x86.ActiveCfg = Release|Any CPU
		{9DBA3340-7C23-4480-98C5-233F9F9F644E}.Release|x86.Build.0 = Release|Any CPU
		{210013EE-2AD8-4D00-A8FA-85165C4149D2}.Debug|Any CPU.ActiveCfg = Debug|Any CPU
		{210013EE-2AD8-4D00-A8FA-85165C4149D2}.Debug|Any CPU.Build.0 = Debug|Any CPU
		{210013EE-2AD8-4D00-A8FA-85165C4149D2}.Debug|x64.ActiveCfg = Debug|Any CPU
		{210013EE-2AD8-4D00-A8FA-85165C4149D2}.Debug|x64.Build.0 = Debug|Any CPU
		{210013EE-2AD8-4D00-A8FA-85165C4149D2}.Debug|x86.ActiveCfg = Debug|Any CPU
		{210013EE-2AD8-4D00-A8FA-85165C4149D2}.Debug|x86.Build.0 = Debug|Any CPU
		{210013EE-2AD8-4D00-A8FA-85165C4149D2}.Release|Any CPU.ActiveCfg = Release|Any CPU
		{210013EE-2AD8-4D00-A8FA-85165C4149D2}.Release|Any CPU.Build.0 = Release|Any CPU
		{210013EE-2AD8-4D00-A8FA-85165C4149D2}.Release|x64.ActiveCfg = Release|Any CPU
		{210013EE-2AD8-4D00-A8FA-85165C4149D2}.Release|x64.Build.0 = Release|Any CPU
		{210013EE-2AD8-4D00-A8FA-85165C4149D2}.Release|x86.ActiveCfg = Release|Any CPU
		{210013EE-2AD8-4D00-A8FA-85165C4149D2}.Release|x86.Build.0 = Release|Any CPU
	EndGlobalSection
EndGlobal
